// !$*UTF8*$!
{
	archiveVersion = 1;
	classes = {
	};
	objectVersion = 56;
	objects = {

/* Begin PBXBuildFile section */
		10D32D5EA1818439A83E8359 /* Pods_ChromaCompanionTests.framework in Frameworks */ = {isa = PBXBuildFile; fileRef = 3090E776C742B05F89268662 /* Pods_ChromaCompanionTests.framework */; };
		44E3514E2BFB9F6F005A2627 /* OverlayView.swift in Sources */ = {isa = PBXBuildFile; fileRef = 44E3514D2BFB9F6F005A2627 /* OverlayView.swift */; };
		44E351502BFB9FA5005A2627 /* UIImageView.swift in Sources */ = {isa = PBXBuildFile; fileRef = 44E3514F2BFB9FA5005A2627 /* UIImageView.swift */; };
		44E351522BFBAEB5005A2627 /* Object.swift in Sources */ = {isa = PBXBuildFile; fileRef = 44E351512BFBAEB5005A2627 /* Object.swift */; };
		5A9C861B2BF5336A00270C43 /* AppDelegate.swift in Sources */ = {isa = PBXBuildFile; fileRef = 5A9C861A2BF5336A00270C43 /* AppDelegate.swift */; };
		5A9C861D2BF5336A00270C43 /* SceneDelegate.swift in Sources */ = {isa = PBXBuildFile; fileRef = 5A9C861C2BF5336A00270C43 /* SceneDelegate.swift */; };
		5A9C861F2BF5336A00270C43 /* ViewController.swift in Sources */ = {isa = PBXBuildFile; fileRef = 5A9C861E2BF5336A00270C43 /* ViewController.swift */; };
		5A9C86222BF5336A00270C43 /* Base in Resources */ = {isa = PBXBuildFile; fileRef = 5A9C86212BF5336A00270C43 /* Base */; };
		5A9C86242BF5336B00270C43 /* Assets.xcassets in Resources */ = {isa = PBXBuildFile; fileRef = 5A9C86232BF5336B00270C43 /* Assets.xcassets */; };
		5A9C86272BF5336B00270C43 /* Base in Resources */ = {isa = PBXBuildFile; fileRef = 5A9C86262BF5336B00270C43 /* Base */; };
		5A9C86322BF5336B00270C43 /* ChromaCompanionTests.swift in Sources */ = {isa = PBXBuildFile; fileRef = 5A9C86312BF5336B00270C43 /* ChromaCompanionTests.swift */; };
		5A9C863C2BF5336B00270C43 /* ChromaCompanionUITests.swift in Sources */ = {isa = PBXBuildFile; fileRef = 5A9C863B2BF5336B00270C43 /* ChromaCompanionUITests.swift */; };
		5A9C863E2BF5336B00270C43 /* ChromaCompanionUITestsLaunchTests.swift in Sources */ = {isa = PBXBuildFile; fileRef = 5A9C863D2BF5336B00270C43 /* ChromaCompanionUITestsLaunchTests.swift */; };
		BA06E93B65432EA54175837F /* Pods_ChromaCompanion_ChromaCompanionUITests.framework in Frameworks */ = {isa = PBXBuildFile; fileRef = 97C5DD40AD4A1BE6DE0F308F /* Pods_ChromaCompanion_ChromaCompanionUITests.framework */; };
		EF529440BE8A8A0F41663030 /* Pods_ChromaCompanion.framework in Frameworks */ = {isa = PBXBuildFile; fileRef = D5148E3DB77574A5BFA293E5 /* Pods_ChromaCompanion.framework */; };
/* End PBXBuildFile section */

/* Begin PBXContainerItemProxy section */
		5A9C862E2BF5336B00270C43 /* PBXContainerItemProxy */ = {
			isa = PBXContainerItemProxy;
			containerPortal = 5A9C860F2BF5336A00270C43 /* Project object */;
			proxyType = 1;
			remoteGlobalIDString = 5A9C86162BF5336A00270C43;
			remoteInfo = ChromaCompanion;
		};
		5A9C86382BF5336B00270C43 /* PBXContainerItemProxy */ = {
			isa = PBXContainerItemProxy;
			containerPortal = 5A9C860F2BF5336A00270C43 /* Project object */;
			proxyType = 1;
			remoteGlobalIDString = 5A9C86162BF5336A00270C43;
			remoteInfo = ChromaCompanion;
		};
/* End PBXContainerItemProxy section */

/* Begin PBXFileReference section */
		1908552712D15898437AED73 /* Pods-ChromaCompanionTests.release.xcconfig */ = {isa = PBXFileReference; includeInIndex = 1; lastKnownFileType = text.xcconfig; name = "Pods-ChromaCompanionTests.release.xcconfig"; path = "Target Support Files/Pods-ChromaCompanionTests/Pods-ChromaCompanionTests.release.xcconfig"; sourceTree = "<group>"; };
		3090E776C742B05F89268662 /* Pods_ChromaCompanionTests.framework */ = {isa = PBXFileReference; explicitFileType = wrapper.framework; includeInIndex = 0; path = Pods_ChromaCompanionTests.framework; sourceTree = BUILT_PRODUCTS_DIR; };
		44E3514D2BFB9F6F005A2627 /* OverlayView.swift */ = {isa = PBXFileReference; lastKnownFileType = sourcecode.swift; path = OverlayView.swift; sourceTree = "<group>"; };
		44E3514F2BFB9FA5005A2627 /* UIImageView.swift */ = {isa = PBXFileReference; lastKnownFileType = sourcecode.swift; path = UIImageView.swift; sourceTree = "<group>"; };
		44E351512BFBAEB5005A2627 /* Object.swift */ = {isa = PBXFileReference; lastKnownFileType = sourcecode.swift; path = Object.swift; sourceTree = "<group>"; };
		4BAE27AAEEE3658888BFEEB4 /* Pods-ChromaCompanion.debug.xcconfig */ = {isa = PBXFileReference; includeInIndex = 1; lastKnownFileType = text.xcconfig; name = "Pods-ChromaCompanion.debug.xcconfig"; path = "Target Support Files/Pods-ChromaCompanion/Pods-ChromaCompanion.debug.xcconfig"; sourceTree = "<group>"; };
		572D7C872739913521124A00 /* Pods-ChromaCompanion.release.xcconfig */ = {isa = PBXFileReference; includeInIndex = 1; lastKnownFileType = text.xcconfig; name = "Pods-ChromaCompanion.release.xcconfig"; path = "Target Support Files/Pods-ChromaCompanion/Pods-ChromaCompanion.release.xcconfig"; sourceTree = "<group>"; };
		5A9C86172BF5336A00270C43 /* ChromaCompanion.app */ = {isa = PBXFileReference; explicitFileType = wrapper.application; includeInIndex = 0; path = ChromaCompanion.app; sourceTree = BUILT_PRODUCTS_DIR; };
		5A9C861A2BF5336A00270C43 /* AppDelegate.swift */ = {isa = PBXFileReference; lastKnownFileType = sourcecode.swift; path = AppDelegate.swift; sourceTree = "<group>"; };
		5A9C861C2BF5336A00270C43 /* SceneDelegate.swift */ = {isa = PBXFileReference; lastKnownFileType = sourcecode.swift; path = SceneDelegate.swift; sourceTree = "<group>"; };
		5A9C861E2BF5336A00270C43 /* ViewController.swift */ = {isa = PBXFileReference; lastKnownFileType = sourcecode.swift; path = ViewController.swift; sourceTree = "<group>"; };
		5A9C86212BF5336A00270C43 /* Base */ = {isa = PBXFileReference; lastKnownFileType = file.storyboard; name = Base; path = Base.lproj/Main.storyboard; sourceTree = "<group>"; };
		5A9C86232BF5336B00270C43 /* Assets.xcassets */ = {isa = PBXFileReference; lastKnownFileType = folder.assetcatalog; path = Assets.xcassets; sourceTree = "<group>"; };
		5A9C86262BF5336B00270C43 /* Base */ = {isa = PBXFileReference; lastKnownFileType = file.storyboard; name = Base; path = Base.lproj/LaunchScreen.storyboard; sourceTree = "<group>"; };
		5A9C86282BF5336B00270C43 /* Info.plist */ = {isa = PBXFileReference; lastKnownFileType = text.plist.xml; path = Info.plist; sourceTree = "<group>"; };
		5A9C862D2BF5336B00270C43 /* ChromaCompanionTests.xctest */ = {isa = PBXFileReference; explicitFileType = wrapper.cfbundle; includeInIndex = 0; path = ChromaCompanionTests.xctest; sourceTree = BUILT_PRODUCTS_DIR; };
		5A9C86312BF5336B00270C43 /* ChromaCompanionTests.swift */ = {isa = PBXFileReference; lastKnownFileType = sourcecode.swift; path = ChromaCompanionTests.swift; sourceTree = "<group>"; };
		5A9C86372BF5336B00270C43 /* ChromaCompanionUITests.xctest */ = {isa = PBXFileReference; explicitFileType = wrapper.cfbundle; includeInIndex = 0; path = ChromaCompanionUITests.xctest; sourceTree = BUILT_PRODUCTS_DIR; };
		5A9C863B2BF5336B00270C43 /* ChromaCompanionUITests.swift */ = {isa = PBXFileReference; lastKnownFileType = sourcecode.swift; path = ChromaCompanionUITests.swift; sourceTree = "<group>"; };
		5A9C863D2BF5336B00270C43 /* ChromaCompanionUITestsLaunchTests.swift */ = {isa = PBXFileReference; lastKnownFileType = sourcecode.swift; path = ChromaCompanionUITestsLaunchTests.swift; sourceTree = "<group>"; };
		724F61E99F337488FF0294F7 /* Pods-ChromaCompanion-ChromaCompanionUITests.debug.xcconfig */ = {isa = PBXFileReference; includeInIndex = 1; lastKnownFileType = text.xcconfig; name = "Pods-ChromaCompanion-ChromaCompanionUITests.debug.xcconfig"; path = "Target Support Files/Pods-ChromaCompanion-ChromaCompanionUITests/Pods-ChromaCompanion-ChromaCompanionUITests.debug.xcconfig"; sourceTree = "<group>"; };
		97C5DD40AD4A1BE6DE0F308F /* Pods_ChromaCompanion_ChromaCompanionUITests.framework */ = {isa = PBXFileReference; explicitFileType = wrapper.framework; includeInIndex = 0; path = Pods_ChromaCompanion_ChromaCompanionUITests.framework; sourceTree = BUILT_PRODUCTS_DIR; };
		D5148E3DB77574A5BFA293E5 /* Pods_ChromaCompanion.framework */ = {isa = PBXFileReference; explicitFileType = wrapper.framework; includeInIndex = 0; path = Pods_ChromaCompanion.framework; sourceTree = BUILT_PRODUCTS_DIR; };
		D7A14E717645E8881CA97498 /* Pods-ChromaCompanion-ChromaCompanionUITests.release.xcconfig */ = {isa = PBXFileReference; includeInIndex = 1; lastKnownFileType = text.xcconfig; name = "Pods-ChromaCompanion-ChromaCompanionUITests.release.xcconfig"; path = "Target Support Files/Pods-ChromaCompanion-ChromaCompanionUITests/Pods-ChromaCompanion-ChromaCompanionUITests.release.xcconfig"; sourceTree = "<group>"; };
		FE0DBF5C42940C5A1D1F6835 /* Pods-ChromaCompanionTests.debug.xcconfig */ = {isa = PBXFileReference; includeInIndex = 1; lastKnownFileType = text.xcconfig; name = "Pods-ChromaCompanionTests.debug.xcconfig"; path = "Target Support Files/Pods-ChromaCompanionTests/Pods-ChromaCompanionTests.debug.xcconfig"; sourceTree = "<group>"; };
/* End PBXFileReference section */

/* Begin PBXFrameworksBuildPhase section */
		5A9C86142BF5336A00270C43 /* Frameworks */ = {
			isa = PBXFrameworksBuildPhase;
			buildActionMask = 2147483647;
			files = (
				EF529440BE8A8A0F41663030 /* Pods_ChromaCompanion.framework in Frameworks */,
			);
			runOnlyForDeploymentPostprocessing = 0;
		};
		5A9C862A2BF5336B00270C43 /* Frameworks */ = {
			isa = PBXFrameworksBuildPhase;
			buildActionMask = 2147483647;
			files = (
				10D32D5EA1818439A83E8359 /* Pods_ChromaCompanionTests.framework in Frameworks */,
			);
			runOnlyForDeploymentPostprocessing = 0;
		};
		5A9C86342BF5336B00270C43 /* Frameworks */ = {
			isa = PBXFrameworksBuildPhase;
			buildActionMask = 2147483647;
			files = (
				BA06E93B65432EA54175837F /* Pods_ChromaCompanion_ChromaCompanionUITests.framework in Frameworks */,
			);
			runOnlyForDeploymentPostprocessing = 0;
		};
/* End PBXFrameworksBuildPhase section */

/* Begin PBXGroup section */
		0225A06B7CD3B9A1D42049ED /* Frameworks */ = {
			isa = PBXGroup;
			children = (
				D5148E3DB77574A5BFA293E5 /* Pods_ChromaCompanion.framework */,
				97C5DD40AD4A1BE6DE0F308F /* Pods_ChromaCompanion_ChromaCompanionUITests.framework */,
				3090E776C742B05F89268662 /* Pods_ChromaCompanionTests.framework */,
			);
			name = Frameworks;
			sourceTree = "<group>";
		};
		5A9C860E2BF5336A00270C43 = {
			isa = PBXGroup;
			children = (
				5A9C86192BF5336A00270C43 /* ChromaCompanion */,
				5A9C86302BF5336B00270C43 /* ChromaCompanionTests */,
				5A9C863A2BF5336B00270C43 /* ChromaCompanionUITests */,
				5A9C86182BF5336A00270C43 /* Products */,
				BB7A89FC02E6359EF6F7DC63 /* Pods */,
				0225A06B7CD3B9A1D42049ED /* Frameworks */,
			);
			sourceTree = "<group>";
		};
		5A9C86182BF5336A00270C43 /* Products */ = {
			isa = PBXGroup;
			children = (
				5A9C86172BF5336A00270C43 /* ChromaCompanion.app */,
				5A9C862D2BF5336B00270C43 /* ChromaCompanionTests.xctest */,
				5A9C86372BF5336B00270C43 /* ChromaCompanionUITests.xctest */,
			);
			name = Products;
			sourceTree = "<group>";
		};
		5A9C86192BF5336A00270C43 /* ChromaCompanion */ = {
			isa = PBXGroup;
			children = (
				44E351512BFBAEB5005A2627 /* Object.swift */,
				44E3514D2BFB9F6F005A2627 /* OverlayView.swift */,
				5A9C861A2BF5336A00270C43 /* AppDelegate.swift */,
				5A9C861C2BF5336A00270C43 /* SceneDelegate.swift */,
				5A9C861E2BF5336A00270C43 /* ViewController.swift */,
				5A9C86202BF5336A00270C43 /* Main.storyboard */,
				5A9C86232BF5336B00270C43 /* Assets.xcassets */,
				5A9C86252BF5336B00270C43 /* LaunchScreen.storyboard */,
				5A9C86282BF5336B00270C43 /* Info.plist */,
				44E3514F2BFB9FA5005A2627 /* UIImageView.swift */,
			);
			path = ChromaCompanion;
			sourceTree = "<group>";
		};
		5A9C86302BF5336B00270C43 /* ChromaCompanionTests */ = {
			isa = PBXGroup;
			children = (
				5A9C86312BF5336B00270C43 /* ChromaCompanionTests.swift */,
			);
			path = ChromaCompanionTests;
			sourceTree = "<group>";
		};
		5A9C863A2BF5336B00270C43 /* ChromaCompanionUITests */ = {
			isa = PBXGroup;
			children = (
				5A9C863B2BF5336B00270C43 /* ChromaCompanionUITests.swift */,
				5A9C863D2BF5336B00270C43 /* ChromaCompanionUITestsLaunchTests.swift */,
			);
			path = ChromaCompanionUITests;
			sourceTree = "<group>";
		};
		BB7A89FC02E6359EF6F7DC63 /* Pods */ = {
			isa = PBXGroup;
			children = (
				4BAE27AAEEE3658888BFEEB4 /* Pods-ChromaCompanion.debug.xcconfig */,
				572D7C872739913521124A00 /* Pods-ChromaCompanion.release.xcconfig */,
				724F61E99F337488FF0294F7 /* Pods-ChromaCompanion-ChromaCompanionUITests.debug.xcconfig */,
				D7A14E717645E8881CA97498 /* Pods-ChromaCompanion-ChromaCompanionUITests.release.xcconfig */,
				FE0DBF5C42940C5A1D1F6835 /* Pods-ChromaCompanionTests.debug.xcconfig */,
				1908552712D15898437AED73 /* Pods-ChromaCompanionTests.release.xcconfig */,
			);
			path = Pods;
			sourceTree = "<group>";
		};
/* End PBXGroup section */

/* Begin PBXNativeTarget section */
		5A9C86162BF5336A00270C43 /* ChromaCompanion */ = {
			isa = PBXNativeTarget;
			buildConfigurationList = 5A9C86412BF5336B00270C43 /* Build configuration list for PBXNativeTarget "ChromaCompanion" */;
			buildPhases = (
				313623A2FD1FC97AC7629F74 /* [CP] Check Pods Manifest.lock */,
				5A9C86132BF5336A00270C43 /* Sources */,
				5A9C86142BF5336A00270C43 /* Frameworks */,
				5A9C86152BF5336A00270C43 /* Resources */,
				AF6D73248915FE61A2631F75 /* [CP] Embed Pods Frameworks */,
				05380A4AB608BBC47F9C0130 /* [CP] Copy Pods Resources */,
			);
			buildRules = (
			);
			dependencies = (
			);
			name = ChromaCompanion;
			productName = ChromaCompanion;
			productReference = 5A9C86172BF5336A00270C43 /* ChromaCompanion.app */;
			productType = "com.apple.product-type.application";
		};
		5A9C862C2BF5336B00270C43 /* ChromaCompanionTests */ = {
			isa = PBXNativeTarget;
			buildConfigurationList = 5A9C86442BF5336B00270C43 /* Build configuration list for PBXNativeTarget "ChromaCompanionTests" */;
			buildPhases = (
				7149B7183BC8AC32897EC020 /* [CP] Check Pods Manifest.lock */,
				5A9C86292BF5336B00270C43 /* Sources */,
				5A9C862A2BF5336B00270C43 /* Frameworks */,
				5A9C862B2BF5336B00270C43 /* Resources */,
			);
			buildRules = (
			);
			dependencies = (
				5A9C862F2BF5336B00270C43 /* PBXTargetDependency */,
			);
			name = ChromaCompanionTests;
			productName = ChromaCompanionTests;
			productReference = 5A9C862D2BF5336B00270C43 /* ChromaCompanionTests.xctest */;
			productType = "com.apple.product-type.bundle.unit-test";
		};
		5A9C86362BF5336B00270C43 /* ChromaCompanionUITests */ = {
			isa = PBXNativeTarget;
			buildConfigurationList = 5A9C86472BF5336B00270C43 /* Build configuration list for PBXNativeTarget "ChromaCompanionUITests" */;
			buildPhases = (
				BAD21846A263DC9A0F116614 /* [CP] Check Pods Manifest.lock */,
				5A9C86332BF5336B00270C43 /* Sources */,
				5A9C86342BF5336B00270C43 /* Frameworks */,
				5A9C86352BF5336B00270C43 /* Resources */,
				048D3262BF927E8DEA5100CF /* [CP] Embed Pods Frameworks */,
				C94FEDF47EF81D1EF7E4C653 /* [CP] Copy Pods Resources */,
			);
			buildRules = (
			);
			dependencies = (
				5A9C86392BF5336B00270C43 /* PBXTargetDependency */,
			);
			name = ChromaCompanionUITests;
			productName = ChromaCompanionUITests;
			productReference = 5A9C86372BF5336B00270C43 /* ChromaCompanionUITests.xctest */;
			productType = "com.apple.product-type.bundle.ui-testing";
		};
/* End PBXNativeTarget section */

/* Begin PBXProject section */
		5A9C860F2BF5336A00270C43 /* Project object */ = {
			isa = PBXProject;
			attributes = {
				BuildIndependentTargetsInParallel = 1;
				LastSwiftUpdateCheck = 1540;
				LastUpgradeCheck = 1540;
				TargetAttributes = {
					5A9C86162BF5336A00270C43 = {
						CreatedOnToolsVersion = 15.4;
					};
					5A9C862C2BF5336B00270C43 = {
						CreatedOnToolsVersion = 15.4;
						TestTargetID = 5A9C86162BF5336A00270C43;
					};
					5A9C86362BF5336B00270C43 = {
						CreatedOnToolsVersion = 15.4;
						TestTargetID = 5A9C86162BF5336A00270C43;
					};
				};
			};
			buildConfigurationList = 5A9C86122BF5336A00270C43 /* Build configuration list for PBXProject "ChromaCompanion" */;
			compatibilityVersion = "Xcode 14.0";
			developmentRegion = en;
			hasScannedForEncodings = 0;
			knownRegions = (
				en,
				Base,
			);
			mainGroup = 5A9C860E2BF5336A00270C43;
			productRefGroup = 5A9C86182BF5336A00270C43 /* Products */;
			projectDirPath = "";
			projectRoot = "";
			targets = (
				5A9C86162BF5336A00270C43 /* ChromaCompanion */,
				5A9C862C2BF5336B00270C43 /* ChromaCompanionTests */,
				5A9C86362BF5336B00270C43 /* ChromaCompanionUITests */,
			);
		};
/* End PBXProject section */

/* Begin PBXResourcesBuildPhase section */
		5A9C86152BF5336A00270C43 /* Resources */ = {
			isa = PBXResourcesBuildPhase;
			buildActionMask = 2147483647;
			files = (
				5A9C86242BF5336B00270C43 /* Assets.xcassets in Resources */,
				5A9C86272BF5336B00270C43 /* Base in Resources */,
				5A9C86222BF5336A00270C43 /* Base in Resources */,
			);
			runOnlyForDeploymentPostprocessing = 0;
		};
		5A9C862B2BF5336B00270C43 /* Resources */ = {
			isa = PBXResourcesBuildPhase;
			buildActionMask = 2147483647;
			files = (
			);
			runOnlyForDeploymentPostprocessing = 0;
		};
		5A9C86352BF5336B00270C43 /* Resources */ = {
			isa = PBXResourcesBuildPhase;
			buildActionMask = 2147483647;
			files = (
			);
			runOnlyForDeploymentPostprocessing = 0;
		};
/* End PBXResourcesBuildPhase section */

/* Begin PBXShellScriptBuildPhase section */
		048D3262BF927E8DEA5100CF /* [CP] Embed Pods Frameworks */ = {
			isa = PBXShellScriptBuildPhase;
			buildActionMask = 2147483647;
			files = (
			);
			inputFileListPaths = (
				"${PODS_ROOT}/Target Support Files/Pods-ChromaCompanion-ChromaCompanionUITests/Pods-ChromaCompanion-ChromaCompanionUITests-frameworks-${CONFIGURATION}-input-files.xcfilelist",
			);
			name = "[CP] Embed Pods Frameworks";
			outputFileListPaths = (
				"${PODS_ROOT}/Target Support Files/Pods-ChromaCompanion-ChromaCompanionUITests/Pods-ChromaCompanion-ChromaCompanionUITests-frameworks-${CONFIGURATION}-output-files.xcfilelist",
			);
			runOnlyForDeploymentPostprocessing = 0;
			shellPath = /bin/sh;
			shellScript = "\"${PODS_ROOT}/Target Support Files/Pods-ChromaCompanion-ChromaCompanionUITests/Pods-ChromaCompanion-ChromaCompanionUITests-frameworks.sh\"\n";
			showEnvVarsInLog = 0;
		};
		05380A4AB608BBC47F9C0130 /* [CP] Copy Pods Resources */ = {
			isa = PBXShellScriptBuildPhase;
			buildActionMask = 2147483647;
			files = (
			);
			inputFileListPaths = (
				"${PODS_ROOT}/Target Support Files/Pods-ChromaCompanion/Pods-ChromaCompanion-resources-${CONFIGURATION}-input-files.xcfilelist",
			);
			name = "[CP] Copy Pods Resources";
			outputFileListPaths = (
				"${PODS_ROOT}/Target Support Files/Pods-ChromaCompanion/Pods-ChromaCompanion-resources-${CONFIGURATION}-output-files.xcfilelist",
			);
			runOnlyForDeploymentPostprocessing = 0;
			shellPath = /bin/sh;
			shellScript = "\"${PODS_ROOT}/Target Support Files/Pods-ChromaCompanion/Pods-ChromaCompanion-resources.sh\"\n";
			showEnvVarsInLog = 0;
		};
		313623A2FD1FC97AC7629F74 /* [CP] Check Pods Manifest.lock */ = {
			isa = PBXShellScriptBuildPhase;
			buildActionMask = 2147483647;
			files = (
			);
			inputFileListPaths = (
			);
			inputPaths = (
				"${PODS_PODFILE_DIR_PATH}/Podfile.lock",
				"${PODS_ROOT}/Manifest.lock",
			);
			name = "[CP] Check Pods Manifest.lock";
			outputFileListPaths = (
			);
			outputPaths = (
				"$(DERIVED_FILE_DIR)/Pods-ChromaCompanion-checkManifestLockResult.txt",
			);
			runOnlyForDeploymentPostprocessing = 0;
			shellPath = /bin/sh;
			shellScript = "diff \"${PODS_PODFILE_DIR_PATH}/Podfile.lock\" \"${PODS_ROOT}/Manifest.lock\" > /dev/null\nif [ $? != 0 ] ; then\n    # print error to STDERR\n    echo \"error: The sandbox is not in sync with the Podfile.lock. Run 'pod install' or update your CocoaPods installation.\" >&2\n    exit 1\nfi\n# This output is used by Xcode 'outputs' to avoid re-running this script phase.\necho \"SUCCESS\" > \"${SCRIPT_OUTPUT_FILE_0}\"\n";
			showEnvVarsInLog = 0;
		};
		7149B7183BC8AC32897EC020 /* [CP] Check Pods Manifest.lock */ = {
			isa = PBXShellScriptBuildPhase;
			buildActionMask = 2147483647;
			files = (
			);
			inputFileListPaths = (
			);
			inputPaths = (
				"${PODS_PODFILE_DIR_PATH}/Podfile.lock",
				"${PODS_ROOT}/Manifest.lock",
			);
			name = "[CP] Check Pods Manifest.lock";
			outputFileListPaths = (
			);
			outputPaths = (
				"$(DERIVED_FILE_DIR)/Pods-ChromaCompanionTests-checkManifestLockResult.txt",
			);
			runOnlyForDeploymentPostprocessing = 0;
			shellPath = /bin/sh;
			shellScript = "diff \"${PODS_PODFILE_DIR_PATH}/Podfile.lock\" \"${PODS_ROOT}/Manifest.lock\" > /dev/null\nif [ $? != 0 ] ; then\n    # print error to STDERR\n    echo \"error: The sandbox is not in sync with the Podfile.lock. Run 'pod install' or update your CocoaPods installation.\" >&2\n    exit 1\nfi\n# This output is used by Xcode 'outputs' to avoid re-running this script phase.\necho \"SUCCESS\" > \"${SCRIPT_OUTPUT_FILE_0}\"\n";
			showEnvVarsInLog = 0;
		};
		AF6D73248915FE61A2631F75 /* [CP] Embed Pods Frameworks */ = {
			isa = PBXShellScriptBuildPhase;
			buildActionMask = 2147483647;
			files = (
			);
			inputFileListPaths = (
				"${PODS_ROOT}/Target Support Files/Pods-ChromaCompanion/Pods-ChromaCompanion-frameworks-${CONFIGURATION}-input-files.xcfilelist",
			);
			name = "[CP] Embed Pods Frameworks";
			outputFileListPaths = (
				"${PODS_ROOT}/Target Support Files/Pods-ChromaCompanion/Pods-ChromaCompanion-frameworks-${CONFIGURATION}-output-files.xcfilelist",
			);
			runOnlyForDeploymentPostprocessing = 0;
			shellPath = /bin/sh;
			shellScript = "\"${PODS_ROOT}/Target Support Files/Pods-ChromaCompanion/Pods-ChromaCompanion-frameworks.sh\"\n";
			showEnvVarsInLog = 0;
		};
		BAD21846A263DC9A0F116614 /* [CP] Check Pods Manifest.lock */ = {
			isa = PBXShellScriptBuildPhase;
			buildActionMask = 2147483647;
			files = (
			);
			inputFileListPaths = (
			);
			inputPaths = (
				"${PODS_PODFILE_DIR_PATH}/Podfile.lock",
				"${PODS_ROOT}/Manifest.lock",
			);
			name = "[CP] Check Pods Manifest.lock";
			outputFileListPaths = (
			);
			outputPaths = (
				"$(DERIVED_FILE_DIR)/Pods-ChromaCompanion-ChromaCompanionUITests-checkManifestLockResult.txt",
			);
			runOnlyForDeploymentPostprocessing = 0;
			shellPath = /bin/sh;
			shellScript = "diff \"${PODS_PODFILE_DIR_PATH}/Podfile.lock\" \"${PODS_ROOT}/Manifest.lock\" > /dev/null\nif [ $? != 0 ] ; then\n    # print error to STDERR\n    echo \"error: The sandbox is not in sync with the Podfile.lock. Run 'pod install' or update your CocoaPods installation.\" >&2\n    exit 1\nfi\n# This output is used by Xcode 'outputs' to avoid re-running this script phase.\necho \"SUCCESS\" > \"${SCRIPT_OUTPUT_FILE_0}\"\n";
			showEnvVarsInLog = 0;
		};
		C94FEDF47EF81D1EF7E4C653 /* [CP] Copy Pods Resources */ = {
			isa = PBXShellScriptBuildPhase;
			buildActionMask = 2147483647;
			files = (
			);
			inputFileListPaths = (
				"${PODS_ROOT}/Target Support Files/Pods-ChromaCompanion-ChromaCompanionUITests/Pods-ChromaCompanion-ChromaCompanionUITests-resources-${CONFIGURATION}-input-files.xcfilelist",
			);
			name = "[CP] Copy Pods Resources";
			outputFileListPaths = (
				"${PODS_ROOT}/Target Support Files/Pods-ChromaCompanion-ChromaCompanionUITests/Pods-ChromaCompanion-ChromaCompanionUITests-resources-${CONFIGURATION}-output-files.xcfilelist",
			);
			runOnlyForDeploymentPostprocessing = 0;
			shellPath = /bin/sh;
			shellScript = "\"${PODS_ROOT}/Target Support Files/Pods-ChromaCompanion-ChromaCompanionUITests/Pods-ChromaCompanion-ChromaCompanionUITests-resources.sh\"\n";
			showEnvVarsInLog = 0;
		};
/* End PBXShellScriptBuildPhase section */

/* Begin PBXSourcesBuildPhase section */
		5A9C86132BF5336A00270C43 /* Sources */ = {
			isa = PBXSourcesBuildPhase;
			buildActionMask = 2147483647;
			files = (
				5A9C861F2BF5336A00270C43 /* ViewController.swift in Sources */,
				44E351502BFB9FA5005A2627 /* UIImageView.swift in Sources */,
				44E3514E2BFB9F6F005A2627 /* OverlayView.swift in Sources */,
				5A9C861B2BF5336A00270C43 /* AppDelegate.swift in Sources */,
				44E351522BFBAEB5005A2627 /* Object.swift in Sources */,
				5A9C861D2BF5336A00270C43 /* SceneDelegate.swift in Sources */,
			);
			runOnlyForDeploymentPostprocessing = 0;
		};
		5A9C86292BF5336B00270C43 /* Sources */ = {
			isa = PBXSourcesBuildPhase;
			buildActionMask = 2147483647;
			files = (
				5A9C86322BF5336B00270C43 /* ChromaCompanionTests.swift in Sources */,
			);
			runOnlyForDeploymentPostprocessing = 0;
		};
		5A9C86332BF5336B00270C43 /* Sources */ = {
			isa = PBXSourcesBuildPhase;
			buildActionMask = 2147483647;
			files = (
				5A9C863C2BF5336B00270C43 /* ChromaCompanionUITests.swift in Sources */,
				5A9C863E2BF5336B00270C43 /* ChromaCompanionUITestsLaunchTests.swift in Sources */,
			);
			runOnlyForDeploymentPostprocessing = 0;
		};
/* End PBXSourcesBuildPhase section */

/* Begin PBXTargetDependency section */
		5A9C862F2BF5336B00270C43 /* PBXTargetDependency */ = {
			isa = PBXTargetDependency;
			target = 5A9C86162BF5336A00270C43 /* ChromaCompanion */;
			targetProxy = 5A9C862E2BF5336B00270C43 /* PBXContainerItemProxy */;
		};
		5A9C86392BF5336B00270C43 /* PBXTargetDependency */ = {
			isa = PBXTargetDependency;
			target = 5A9C86162BF5336A00270C43 /* ChromaCompanion */;
			targetProxy = 5A9C86382BF5336B00270C43 /* PBXContainerItemProxy */;
		};
/* End PBXTargetDependency section */

/* Begin PBXVariantGroup section */
		5A9C86202BF5336A00270C43 /* Main.storyboard */ = {
			isa = PBXVariantGroup;
			children = (
				5A9C86212BF5336A00270C43 /* Base */,
			);
			name = Main.storyboard;
			sourceTree = "<group>";
		};
		5A9C86252BF5336B00270C43 /* LaunchScreen.storyboard */ = {
			isa = PBXVariantGroup;
			children = (
				5A9C86262BF5336B00270C43 /* Base */,
			);
			name = LaunchScreen.storyboard;
			sourceTree = "<group>";
		};
/* End PBXVariantGroup section */

/* Begin XCBuildConfiguration section */
		5A9C863F2BF5336B00270C43 /* Debug */ = {
			isa = XCBuildConfiguration;
			buildSettings = {
				ALWAYS_SEARCH_USER_PATHS = NO;
				ASSETCATALOG_COMPILER_GENERATE_SWIFT_ASSET_SYMBOL_EXTENSIONS = YES;
				CLANG_ANALYZER_NONNULL = YES;
				CLANG_ANALYZER_NUMBER_OBJECT_CONVERSION = YES_AGGRESSIVE;
				CLANG_CXX_LANGUAGE_STANDARD = "gnu++20";
				CLANG_ENABLE_MODULES = YES;
				CLANG_ENABLE_OBJC_ARC = YES;
				CLANG_ENABLE_OBJC_WEAK = YES;
				CLANG_WARN_BLOCK_CAPTURE_AUTORELEASING = YES;
				CLANG_WARN_BOOL_CONVERSION = YES;
				CLANG_WARN_COMMA = YES;
				CLANG_WARN_CONSTANT_CONVERSION = YES;
				CLANG_WARN_DEPRECATED_OBJC_IMPLEMENTATIONS = YES;
				CLANG_WARN_DIRECT_OBJC_ISA_USAGE = YES_ERROR;
				CLANG_WARN_DOCUMENTATION_COMMENTS = YES;
				CLANG_WARN_EMPTY_BODY = YES;
				CLANG_WARN_ENUM_CONVERSION = YES;
				CLANG_WARN_INFINITE_RECURSION = YES;
				CLANG_WARN_INT_CONVERSION = YES;
				CLANG_WARN_NON_LITERAL_NULL_CONVERSION = YES;
				CLANG_WARN_OBJC_IMPLICIT_RETAIN_SELF = YES;
				CLANG_WARN_OBJC_LITERAL_CONVERSION = YES;
				CLANG_WARN_OBJC_ROOT_CLASS = YES_ERROR;
				CLANG_WARN_QUOTED_INCLUDE_IN_FRAMEWORK_HEADER = YES;
				CLANG_WARN_RANGE_LOOP_ANALYSIS = YES;
				CLANG_WARN_STRICT_PROTOTYPES = YES;
				CLANG_WARN_SUSPICIOUS_MOVE = YES;
				CLANG_WARN_UNGUARDED_AVAILABILITY = YES_AGGRESSIVE;
				CLANG_WARN_UNREACHABLE_CODE = YES;
				CLANG_WARN__DUPLICATE_METHOD_MATCH = YES;
				COPY_PHASE_STRIP = NO;
				DEBUG_INFORMATION_FORMAT = dwarf;
				ENABLE_STRICT_OBJC_MSGSEND = YES;
				ENABLE_TESTABILITY = YES;
				ENABLE_USER_SCRIPT_SANDBOXING = YES;
				GCC_C_LANGUAGE_STANDARD = gnu17;
				GCC_DYNAMIC_NO_PIC = NO;
				GCC_NO_COMMON_BLOCKS = YES;
				GCC_OPTIMIZATION_LEVEL = 0;
				GCC_PREPROCESSOR_DEFINITIONS = (
					"DEBUG=1",
					"$(inherited)",
				);
				GCC_WARN_64_TO_32_BIT_CONVERSION = YES;
				GCC_WARN_ABOUT_RETURN_TYPE = YES_ERROR;
				GCC_WARN_UNDECLARED_SELECTOR = YES;
				GCC_WARN_UNINITIALIZED_AUTOS = YES_AGGRESSIVE;
				GCC_WARN_UNUSED_FUNCTION = YES;
				GCC_WARN_UNUSED_VARIABLE = YES;
				IPHONEOS_DEPLOYMENT_TARGET = 17.5;
				LOCALIZATION_PREFERS_STRING_CATALOGS = YES;
				MTL_ENABLE_DEBUG_INFO = INCLUDE_SOURCE;
				MTL_FAST_MATH = YES;
				ONLY_ACTIVE_ARCH = YES;
				SDKROOT = iphoneos;
				SWIFT_ACTIVE_COMPILATION_CONDITIONS = "DEBUG $(inherited)";
				SWIFT_OPTIMIZATION_LEVEL = "-Onone";
			};
			name = Debug;
		};
		5A9C86402BF5336B00270C43 /* Release */ = {
			isa = XCBuildConfiguration;
			buildSettings = {
				ALWAYS_SEARCH_USER_PATHS = NO;
				ASSETCATALOG_COMPILER_GENERATE_SWIFT_ASSET_SYMBOL_EXTENSIONS = YES;
				CLANG_ANALYZER_NONNULL = YES;
				CLANG_ANALYZER_NUMBER_OBJECT_CONVERSION = YES_AGGRESSIVE;
				CLANG_CXX_LANGUAGE_STANDARD = "gnu++20";
				CLANG_ENABLE_MODULES = YES;
				CLANG_ENABLE_OBJC_ARC = YES;
				CLANG_ENABLE_OBJC_WEAK = YES;
				CLANG_WARN_BLOCK_CAPTURE_AUTORELEASING = YES;
				CLANG_WARN_BOOL_CONVERSION = YES;
				CLANG_WARN_COMMA = YES;
				CLANG_WARN_CONSTANT_CONVERSION = YES;
				CLANG_WARN_DEPRECATED_OBJC_IMPLEMENTATIONS = YES;
				CLANG_WARN_DIRECT_OBJC_ISA_USAGE = YES_ERROR;
				CLANG_WARN_DOCUMENTATION_COMMENTS = YES;
				CLANG_WARN_EMPTY_BODY = YES;
				CLANG_WARN_ENUM_CONVERSION = YES;
				CLANG_WARN_INFINITE_RECURSION = YES;
				CLANG_WARN_INT_CONVERSION = YES;
				CLANG_WARN_NON_LITERAL_NULL_CONVERSION = YES;
				CLANG_WARN_OBJC_IMPLICIT_RETAIN_SELF = YES;
				CLANG_WARN_OBJC_LITERAL_CONVERSION = YES;
				CLANG_WARN_OBJC_ROOT_CLASS = YES_ERROR;
				CLANG_WARN_QUOTED_INCLUDE_IN_FRAMEWORK_HEADER = YES;
				CLANG_WARN_RANGE_LOOP_ANALYSIS = YES;
				CLANG_WARN_STRICT_PROTOTYPES = YES;
				CLANG_WARN_SUSPICIOUS_MOVE = YES;
				CLANG_WARN_UNGUARDED_AVAILABILITY = YES_AGGRESSIVE;
				CLANG_WARN_UNREACHABLE_CODE = YES;
				CLANG_WARN__DUPLICATE_METHOD_MATCH = YES;
				COPY_PHASE_STRIP = NO;
				DEBUG_INFORMATION_FORMAT = "dwarf-with-dsym";
				ENABLE_NS_ASSERTIONS = NO;
				ENABLE_STRICT_OBJC_MSGSEND = YES;
				ENABLE_USER_SCRIPT_SANDBOXING = YES;
				GCC_C_LANGUAGE_STANDARD = gnu17;
				GCC_NO_COMMON_BLOCKS = YES;
				GCC_WARN_64_TO_32_BIT_CONVERSION = YES;
				GCC_WARN_ABOUT_RETURN_TYPE = YES_ERROR;
				GCC_WARN_UNDECLARED_SELECTOR = YES;
				GCC_WARN_UNINITIALIZED_AUTOS = YES_AGGRESSIVE;
				GCC_WARN_UNUSED_FUNCTION = YES;
				GCC_WARN_UNUSED_VARIABLE = YES;
				IPHONEOS_DEPLOYMENT_TARGET = 17.5;
				LOCALIZATION_PREFERS_STRING_CATALOGS = YES;
				MTL_ENABLE_DEBUG_INFO = NO;
				MTL_FAST_MATH = YES;
				SDKROOT = iphoneos;
				SWIFT_COMPILATION_MODE = wholemodule;
				VALIDATE_PRODUCT = YES;
			};
			name = Release;
		};
		5A9C86422BF5336B00270C43 /* Debug */ = {
			isa = XCBuildConfiguration;
			baseConfigurationReference = 4BAE27AAEEE3658888BFEEB4 /* Pods-ChromaCompanion.debug.xcconfig */;
			buildSettings = {
				ALWAYS_EMBED_SWIFT_STANDARD_LIBRARIES = "$(inherited)";
				ASSETCATALOG_COMPILER_APPICON_NAME = AppIcon;
				ASSETCATALOG_COMPILER_GLOBAL_ACCENT_COLOR_NAME = AccentColor;
				CODE_SIGN_STYLE = Automatic;
				CURRENT_PROJECT_VERSION = 1;
				DEVELOPMENT_TEAM = LSFF7U8V52;
				ENABLE_USER_SCRIPT_SANDBOXING = NO;
				GENERATE_INFOPLIST_FILE = YES;
				INFOPLIST_FILE = ChromaCompanion/Info.plist;
				INFOPLIST_KEY_NSCameraUsageDescription = "Please allow access to camera.";
				INFOPLIST_KEY_NSPhotoLibraryAddUsageDescription = "Please allow access to photo library";
				INFOPLIST_KEY_UIApplicationSupportsIndirectInputEvents = YES;
				INFOPLIST_KEY_UILaunchStoryboardName = LaunchScreen;
				INFOPLIST_KEY_UIMainStoryboardFile = Main;
				INFOPLIST_KEY_UISupportedInterfaceOrientations_iPad = "UIInterfaceOrientationPortrait UIInterfaceOrientationPortraitUpsideDown UIInterfaceOrientationLandscapeLeft UIInterfaceOrientationLandscapeRight";
				INFOPLIST_KEY_UISupportedInterfaceOrientations_iPhone = "UIInterfaceOrientationPortrait UIInterfaceOrientationLandscapeLeft UIInterfaceOrientationLandscapeRight";
				LD_RUNPATH_SEARCH_PATHS = (
					"$(inherited)",
					"@executable_path/Frameworks",
				);
				MARKETING_VERSION = 1.0;
				PRODUCT_BUNDLE_IDENTIFIER = MobileComputing.ChromaCompanion1;
				PRODUCT_NAME = "$(TARGET_NAME)";
				SWIFT_EMIT_LOC_STRINGS = YES;
				SWIFT_VERSION = 5.0;
				TARGETED_DEVICE_FAMILY = "1,2";
			};
			name = Debug;
		};
		5A9C86432BF5336B00270C43 /* Release */ = {
			isa = XCBuildConfiguration;
			baseConfigurationReference = 572D7C872739913521124A00 /* Pods-ChromaCompanion.release.xcconfig */;
			buildSettings = {
				ALWAYS_EMBED_SWIFT_STANDARD_LIBRARIES = "$(inherited)";
				ASSETCATALOG_COMPILER_APPICON_NAME = AppIcon;
				ASSETCATALOG_COMPILER_GLOBAL_ACCENT_COLOR_NAME = AccentColor;
				CODE_SIGN_STYLE = Automatic;
				CURRENT_PROJECT_VERSION = 1;
				DEVELOPMENT_TEAM = LSFF7U8V52;
				ENABLE_USER_SCRIPT_SANDBOXING = NO;
				GENERATE_INFOPLIST_FILE = YES;
				INFOPLIST_FILE = ChromaCompanion/Info.plist;
				INFOPLIST_KEY_NSCameraUsageDescription = "Please allow access to camera.";
				INFOPLIST_KEY_NSPhotoLibraryAddUsageDescription = "Please allow access to photo library";
				INFOPLIST_KEY_UIApplicationSupportsIndirectInputEvents = YES;
				INFOPLIST_KEY_UILaunchStoryboardName = LaunchScreen;
				INFOPLIST_KEY_UIMainStoryboardFile = Main;
				INFOPLIST_KEY_UISupportedInterfaceOrientations_iPad = "UIInterfaceOrientationPortrait UIInterfaceOrientationPortraitUpsideDown UIInterfaceOrientationLandscapeLeft UIInterfaceOrientationLandscapeRight";
				INFOPLIST_KEY_UISupportedInterfaceOrientations_iPhone = "UIInterfaceOrientationPortrait UIInterfaceOrientationLandscapeLeft UIInterfaceOrientationLandscapeRight";
				LD_RUNPATH_SEARCH_PATHS = (
					"$(inherited)",
					"@executable_path/Frameworks",
				);
				MARKETING_VERSION = 1.0;
				PRODUCT_BUNDLE_IDENTIFIER = MobileComputing.ChromaCompanion1;
				PRODUCT_NAME = "$(TARGET_NAME)";
				SWIFT_EMIT_LOC_STRINGS = YES;
				SWIFT_VERSION = 5.0;
				TARGETED_DEVICE_FAMILY = "1,2";
			};
			name = Release;
		};
		5A9C86452BF5336B00270C43 /* Debug */ = {
			isa = XCBuildConfiguration;
			baseConfigurationReference = FE0DBF5C42940C5A1D1F6835 /* Pods-ChromaCompanionTests.debug.xcconfig */;
			buildSettings = {
				ALWAYS_EMBED_SWIFT_STANDARD_LIBRARIES = "$(inherited)";
				BUNDLE_LOADER = "$(TEST_HOST)";
				CODE_SIGN_STYLE = Automatic;
				CURRENT_PROJECT_VERSION = 1;
				DEVELOPMENT_TEAM = LSFF7U8V52;
				ENABLE_USER_SCRIPT_SANDBOXING = NO;
				GENERATE_INFOPLIST_FILE = YES;
				IPHONEOS_DEPLOYMENT_TARGET = 17.5;
				MARKETING_VERSION = 1.0;
				PRODUCT_BUNDLE_IDENTIFIER = MobileComputing.ChromaCompanionTests;
				PRODUCT_NAME = "$(TARGET_NAME)";
				SWIFT_EMIT_LOC_STRINGS = NO;
				SWIFT_VERSION = 5.0;
				TARGETED_DEVICE_FAMILY = "1,2";
				TEST_HOST = "$(BUILT_PRODUCTS_DIR)/ChromaCompanion.app/$(BUNDLE_EXECUTABLE_FOLDER_PATH)/ChromaCompanion";
			};
			name = Debug;
		};
		5A9C86462BF5336B00270C43 /* Release */ = {
			isa = XCBuildConfiguration;
			baseConfigurationReference = 1908552712D15898437AED73 /* Pods-ChromaCompanionTests.release.xcconfig */;
			buildSettings = {
				ALWAYS_EMBED_SWIFT_STANDARD_LIBRARIES = "$(inherited)";
				BUNDLE_LOADER = "$(TEST_HOST)";
				CODE_SIGN_STYLE = Automatic;
				CURRENT_PROJECT_VERSION = 1;
				DEVELOPMENT_TEAM = LSFF7U8V52;
				ENABLE_USER_SCRIPT_SANDBOXING = NO;
				GENERATE_INFOPLIST_FILE = YES;
				IPHONEOS_DEPLOYMENT_TARGET = 17.5;
				MARKETING_VERSION = 1.0;
				PRODUCT_BUNDLE_IDENTIFIER = MobileComputing.ChromaCompanionTests;
				PRODUCT_NAME = "$(TARGET_NAME)";
				SWIFT_EMIT_LOC_STRINGS = NO;
				SWIFT_VERSION = 5.0;
				TARGETED_DEVICE_FAMILY = "1,2";
				TEST_HOST = "$(BUILT_PRODUCTS_DIR)/ChromaCompanion.app/$(BUNDLE_EXECUTABLE_FOLDER_PATH)/ChromaCompanion";
			};
			name = Release;
		};
		5A9C86482BF5336B00270C43 /* Debug */ = {
			isa = XCBuildConfiguration;
			baseConfigurationReference = 724F61E99F337488FF0294F7 /* Pods-ChromaCompanion-ChromaCompanionUITests.debug.xcconfig */;
			buildSettings = {
				ALWAYS_EMBED_SWIFT_STANDARD_LIBRARIES = "$(inherited)";
				CODE_SIGN_STYLE = Automatic;
				CURRENT_PROJECT_VERSION = 1;
				DEVELOPMENT_TEAM = LSFF7U8V52;
				ENABLE_USER_SCRIPT_SANDBOXING = NO;
				GENERATE_INFOPLIST_FILE = YES;
				MARKETING_VERSION = 1.0;
				PRODUCT_BUNDLE_IDENTIFIER = MobileComputing.ChromaCompanionUITests1;
				PRODUCT_NAME = "$(TARGET_NAME)";
				SWIFT_EMIT_LOC_STRINGS = NO;
				SWIFT_VERSION = 5.0;
				TARGETED_DEVICE_FAMILY = "1,2";
				TEST_TARGET_NAME = ChromaCompanion;
			};
			name = Debug;
		};
		5A9C86492BF5336B00270C43 /* Release */ = {
			isa = XCBuildConfiguration;
			baseConfigurationReference = D7A14E717645E8881CA97498 /* Pods-ChromaCompanion-ChromaCompanionUITests.release.xcconfig */;
			buildSettings = {
				ALWAYS_EMBED_SWIFT_STANDARD_LIBRARIES = "$(inherited)";
				CODE_SIGN_STYLE = Automatic;
				CURRENT_PROJECT_VERSION = 1;
				DEVELOPMENT_TEAM = LSFF7U8V52;
				ENABLE_USER_SCRIPT_SANDBOXING = NO;
				GENERATE_INFOPLIST_FILE = YES;
				MARKETING_VERSION = 1.0;
				PRODUCT_BUNDLE_IDENTIFIER = MobileComputing.ChromaCompanionUITests;
				PRODUCT_NAME = "$(TARGET_NAME)";
				SWIFT_EMIT_LOC_STRINGS = NO;
				SWIFT_VERSION = 5.0;
				TARGETED_DEVICE_FAMILY = "1,2";
				TEST_TARGET_NAME = ChromaCompanion;
			};
			name = Release;
		};
/* End XCBuildConfiguration section */

/* Begin XCConfigurationList section */
		5A9C86122BF5336A00270C43 /* Build configuration list for PBXProject "ChromaCompanion" */ = {
			isa = XCConfigurationList;
			buildConfigurations = (
				5A9C863F2BF5336B00270C43 /* Debug */,
				5A9C86402BF5336B00270C43 /* Release */,
			);
			defaultConfigurationIsVisible = 0;
			defaultConfigurationName = Release;
		};
		5A9C86412BF5336B00270C43 /* Build configuration list for PBXNativeTarget "ChromaCompanion" */ = {
			isa = XCConfigurationList;
			buildConfigurations = (
				5A9C86422BF5336B00270C43 /* Debug */,
				5A9C86432BF5336B00270C43 /* Release */,
			);
			defaultConfigurationIsVisible = 0;
			defaultConfigurationName = Release;
		};
		5A9C86442BF5336B00270C43 /* Build configuration list for PBXNativeTarget "ChromaCompanionTests" */ = {
			isa = XCConfigurationList;
			buildConfigurations = (
				5A9C86452BF5336B00270C43 /* Debug */,
				5A9C86462BF5336B00270C43 /* Release */,
			);
			defaultConfigurationIsVisible = 0;
			defaultConfigurationName = Release;
		};
		5A9C86472BF5336B00270C43 /* Build configuration list for PBXNativeTarget "ChromaCompanionUITests" */ = {
			isa = XCConfigurationList;
			buildConfigurations = (
				5A9C86482BF5336B00270C43 /* Debug */,
				5A9C86492BF5336B00270C43 /* Release */,
			);
			defaultConfigurationIsVisible = 0;
			defaultConfigurationName = Release;
		};
/* End XCConfigurationList section */
	};
	rootObject = 5A9C860F2BF5336A00270C43 /* Project object */;
}
